
Microsoft Visual Studio Solution File, Format Version 12.00
# Visual Studio 15
VisualStudioVersion = 15.0.28307.438
MinimumVisualStudioVersion = 10.0.40219.1
Project("{9A19103F-16F7-4668-BE54-9A1E7A4F7556}") = "TodoApp", "TodoApp\TodoApp.csproj", "{4E76428E-C15D-44D1-878C-633DA920E8F1}"
EndProject
Project("{FAE04EC0-301F-11D3-BF4B-00C04F79EFBC}") = "TodoApp.Tests", "TodoApp.Tests\TodoApp.Tests.csproj", "{AE355583-AE6D-483C-8312-190ECA9B7543}"
EndProject
Global
	GlobalSection(SolutionConfigurationPlatforms) = preSolution
		Debug|Any CPU = Debug|Any CPU
		Release|Any CPU = Release|Any CPU
	EndGlobalSection
	GlobalSection(ProjectConfigurationPlatforms) = postSolution
		{4E76428E-C15D-44D1-878C-633DA920E8F1}.Debug|Any CPU.ActiveCfg = Debug|Any CPU
		{4E76428E-C15D-44D1-878C-633DA920E8F1}.Debug|Any CPU.Build.0 = Debug|Any CPU
		{4E76428E-C15D-44D1-878C-633DA920E8F1}.Release|Any CPU.ActiveCfg = Release|Any CPU
		{4E76428E-C15D-44D1-878C-633DA920E8F1}.Release|Any CPU.Build.0 = Release|Any CPU
		{AE355583-AE6D-483C-8312-190ECA9B7543}.Debug|Any CPU.ActiveCfg = Debug|Any CPU
		{AE355583-AE6D-483C-8312-190ECA9B7543}.Debug|Any CPU.Build.0 = Debug|Any CPU
		{AE355583-AE6D-483C-8312-190ECA9B7543}.Release|Any CPU.ActiveCfg = Release|Any CPU
		{AE355583-AE6D-483C-8312-190ECA9B7543}.Release|Any CPU.Build.0 = Release|Any CPU
	EndGlobalSection
	GlobalSection(SolutionProperties) = preSolution
		HideSolutionNode = FALSE
	EndGlobalSection
	GlobalSection(ExtensibilityGlobals) = postSolution
		SolutionGuid = {00865E0B-F640-41EC-B621-A594724E7FC9}
	EndGlobalSection
EndGlobal
